
Microsoft Visual Studio Solution File, Format Version 12.00
# Visual Studio 14
VisualStudioVersion = 14.0.25420.1
MinimumVisualStudioVersion = 10.0.40219.1
Project("{FAE04EC0-301F-11D3-BF4B-00C04F79EFBC}") = "MailReader", "MailReader\MailReader.csproj", "{74AD70E4-A54C-45E7-A7F4-EAE864DBE111}"
EndProject
Project("{FAE04EC0-301F-11D3-BF4B-00C04F79EFBC}") = "MailReaderApp", "MailReaderApp\MailReaderApp.csproj", "{6FCCC46F-8BEB-485A-B59E-152067159C37}"
	ProjectSection(ProjectDependencies) = postProject
		{74AD70E4-A54C-45E7-A7F4-EAE864DBE111} = {74AD70E4-A54C-45E7-A7F4-EAE864DBE111}
	EndProjectSection
EndProject
Project("{FAE04EC0-301F-11D3-BF4B-00C04F79EFBC}") = "MailReaderTest", "MailReaderTest\MailReaderTest.csproj", "{7D26656F-F168-4A4F-9304-82D1C4ECAB1A}"
	ProjectSection(ProjectDependencies) = postProject
		{74AD70E4-A54C-45E7-A7F4-EAE864DBE111} = {74AD70E4-A54C-45E7-A7F4-EAE864DBE111}
	EndProjectSection
EndProject
Global
	GlobalSection(SolutionConfigurationPlatforms) = preSolution
		Debug|Any CPU = Debug|Any CPU
		Release|Any CPU = Release|Any CPU
	EndGlobalSection
	GlobalSection(ProjectConfigurationPlatforms) = postSolution
		{74AD70E4-A54C-45E7-A7F4-EAE864DBE111}.Debug|Any CPU.ActiveCfg = Debug|Any CPU
		{74AD70E4-A54C-45E7-A7F4-EAE864DBE111}.Debug|Any CPU.Build.0 = Debug|Any CPU
		{74AD70E4-A54C-45E7-A7F4-EAE864DBE111}.Release|Any CPU.ActiveCfg = Release|Any CPU
		{74AD70E4-A54C-45E7-A7F4-EAE864DBE111}.Release|Any CPU.Build.0 = Release|Any CPU
		{6FCCC46F-8BEB-485A-B59E-152067159C37}.Debug|Any CPU.ActiveCfg = Debug|Any CPU
		{6FCCC46F-8BEB-485A-B59E-152067159C37}.Debug|Any CPU.Build.0 = Debug|Any CPU
		{6FCCC46F-8BEB-485A-B59E-152067159C37}.Debug|Any CPU.Deploy.0 = Debug|Any CPU
		{6FCCC46F-8BEB-485A-B59E-152067159C37}.Release|Any CPU.ActiveCfg = Release|Any CPU
		{6FCCC46F-8BEB-485A-B59E-152067159C37}.Release|Any CPU.Build.0 = Release|Any CPU
		{6FCCC46F-8BEB-485A-B59E-152067159C37}.Release|Any CPU.Deploy.0 = Release|Any CPU
		{7D26656F-F168-4A4F-9304-82D1C4ECAB1A}.Debug|Any CPU.ActiveCfg = Debug|Any CPU
		{7D26656F-F168-4A4F-9304-82D1C4ECAB1A}.Debug|Any CPU.Build.0 = Debug|Any CPU
		{7D26656F-F168-4A4F-9304-82D1C4ECAB1A}.Release|Any CPU.ActiveCfg = Release|Any CPU
		{7D26656F-F168-4A4F-9304-82D1C4ECAB1A}.Release|Any CPU.Build.0 = Release|Any CPU
	EndGlobalSection
	GlobalSection(SolutionProperties) = preSolution
		HideSolutionNode = FALSE
	EndGlobalSection
	GlobalSection(TeamFoundationVersionControl) = preSolution
		SccNumberOfProjects = 4
		SccEnterpriseProvider = {4CA58AB2-18FA-4F8D-95D4-32DDF27D184C}
		SccTeamFoundationServer = http://tartaros.gfa-group.gfa:8080/tfs/defaultcollection
		SccLocalPath0 = .
		SccProjectUniqueName1 = MailReader\\MailReader.csproj
		SccProjectName1 = MailReader
		SccLocalPath1 = MailReader
		SccProjectUniqueName2 = MailReaderApp\\MailReaderApp.csproj
		SccProjectName2 = MailReaderApp
		SccLocalPath2 = MailReaderApp
		SccProjectUniqueName3 = MailReaderTest\\MailReaderTest.csproj
		SccProjectName3 = MailReaderTest
		SccLocalPath3 = MailReaderTest
	EndGlobalSection
EndGlobal
